
Microsoft Visual Studio Solution File, Format Version 12.00
# Visual Studio Version 17
VisualStudioVersion = 17.4.33110.190
MinimumVisualStudioVersion = 10.0.40219.1
Project("{FAE04EC0-301F-11D3-BF4B-00C04F79EFBC}") = "Sol_Almacen.Presentacion", "Sol_Almacen.Presentacion\Sol_Almacen.Presentacion.csproj", "{797C984E-A7BC-4990-B079-7E9A114134BD}"
EndProject
Global
	GlobalSection(SolutionConfigurationPlatforms) = preSolution
		Debug|Any CPU = Debug|Any CPU
		Release|Any CPU = Release|Any CPU
	EndGlobalSection
	GlobalSection(ProjectConfigurationPlatforms) = postSolution
		{797C984E-A7BC-4990-B079-7E9A114134BD}.Debug|Any CPU.ActiveCfg = Debug|Any CPU
		{797C984E-A7BC-4990-B079-7E9A114134BD}.Debug|Any CPU.Build.0 = Debug|Any CPU
		{797C984E-A7BC-4990-B079-7E9A114134BD}.Release|Any CPU.ActiveCfg = Release|Any CPU
		{797C984E-A7BC-4990-B079-7E9A114134BD}.Release|Any CPU.Build.0 = Release|Any CPU
	EndGlobalSection
	GlobalSection(SolutionProperties) = preSolution
		HideSolutionNode = FALSE
	EndGlobalSection
	GlobalSection(ExtensibilityGlobals) = postSolution
		SolutionGuid = {AA62D7D7-ACD3-46A3-8803-DDCE7C3711AA}
	EndGlobalSection
EndGlobal
